
Microsoft Visual Studio Solution File, Format Version 12.00
# Visual Studio Version 16
VisualStudioVersion = 16.0.30804.86
MinimumVisualStudioVersion = 10.0.40219.1
Project("{FAE04EC0-301F-11D3-BF4B-00C04F79EFBC}") = "WordSorter", "LB4\WordSorter.csproj", "{195A9286-85B9-4464-B8B4-639052F79354}"
EndProject
Global
	GlobalSection(SolutionConfigurationPlatforms) = preSolution
		Debug|Any CPU = Debug|Any CPU
		Release|Any CPU = Release|Any CPU
	EndGlobalSection
	GlobalSection(ProjectConfigurationPlatforms) = postSolution
		{195A9286-85B9-4464-B8B4-639052F79354}.Debug|Any CPU.ActiveCfg = Debug|Any CPU
		{195A9286-85B9-4464-B8B4-639052F79354}.Debug|Any CPU.Build.0 = Debug|Any CPU
		{195A9286-85B9-4464-B8B4-639052F79354}.Release|Any CPU.ActiveCfg = Release|Any CPU
		{195A9286-85B9-4464-B8B4-639052F79354}.Release|Any CPU.Build.0 = Release|Any CPU
	EndGlobalSection
	GlobalSection(SolutionProperties) = preSolution
		HideSolutionNode = FALSE
	EndGlobalSection
	GlobalSection(ExtensibilityGlobals) = postSolution
		SolutionGuid = {E9D619EC-B9B4-435E-B5A4-ECD5DB6C46AD}
	EndGlobalSection
EndGlobal
